
Microsoft Visual Studio Solution File, Format Version 12.00
# Visual Studio Version 16
VisualStudioVersion = 16.0.30804.86
MinimumVisualStudioVersion = 10.0.40219.1
Project("{9A19103F-16F7-4668-BE54-9A1E7A4F7556}") = "CarDoorsL00188582", "CarDoors-L00188582\CarDoorsL00188582.csproj", "{7FA7F004-937A-4A1B-97E6-795E3E0F1795}"
EndProject
Project("{FAE04EC0-301F-11D3-BF4B-00C04F79EFBC}") = "CarDoorTests", "CarDoorTests\CarDoorTests.csproj", "{94245525-FBCD-4214-9948-832029B8A2F4}"
EndProject
Global
	GlobalSection(SolutionConfigurationPlatforms) = preSolution
		Debug|Any CPU = Debug|Any CPU
		Release|Any CPU = Release|Any CPU
	EndGlobalSection
	GlobalSection(ProjectConfigurationPlatforms) = postSolution
		{7FA7F004-937A-4A1B-97E6-795E3E0F1795}.Debug|Any CPU.ActiveCfg = Debug|Any CPU
		{7FA7F004-937A-4A1B-97E6-795E3E0F1795}.Debug|Any CPU.Build.0 = Debug|Any CPU
		{7FA7F004-937A-4A1B-97E6-795E3E0F1795}.Release|Any CPU.ActiveCfg = Release|Any CPU
		{7FA7F004-937A-4A1B-97E6-795E3E0F1795}.Release|Any CPU.Build.0 = Release|Any CPU
		{94245525-FBCD-4214-9948-832029B8A2F4}.Debug|Any CPU.ActiveCfg = Debug|Any CPU
		{94245525-FBCD-4214-9948-832029B8A2F4}.Debug|Any CPU.Build.0 = Debug|Any CPU
		{94245525-FBCD-4214-9948-832029B8A2F4}.Release|Any CPU.ActiveCfg = Release|Any CPU
		{94245525-FBCD-4214-9948-832029B8A2F4}.Release|Any CPU.Build.0 = Release|Any CPU
	EndGlobalSection
	GlobalSection(SolutionProperties) = preSolution
		HideSolutionNode = FALSE
	EndGlobalSection
	GlobalSection(ExtensibilityGlobals) = postSolution
		SolutionGuid = {CFAE9B85-CF2C-40E5-9A9E-9D4AA2EC783F}
	EndGlobalSection
EndGlobal
